// !$*UTF8*$!
{
	archiveVersion = 1;
	classes = {
	};
	objectVersion = 50;
	objects = {

/* Begin PBXBuildFile section */
		C423AD13244EC3DE009B0CB7 /* Helpers.swift in Sources */ = {isa = PBXBuildFile; fileRef = C423AD12244EC3DE009B0CB7 /* Helpers.swift */; };
		C423AD16244ECA04009B0CB7 /* SettingsRootView.swift in Sources */ = {isa = PBXBuildFile; fileRef = C423AD15244ECA04009B0CB7 /* SettingsRootView.swift */; };
		C423AD1A244ECAFB009B0CB7 /* ResisterCalculatorView.swift in Sources */ = {isa = PBXBuildFile; fileRef = C423AD19244ECAFB009B0CB7 /* ResisterCalculatorView.swift */; };
		C423AD1D244ECB6B009B0CB7 /* ResisterCalculatorRow.swift in Sources */ = {isa = PBXBuildFile; fileRef = C423AD1C244ECB6B009B0CB7 /* ResisterCalculatorRow.swift */; };
		C45C0BE0244EB7A80029763F /* AppDelegate.swift in Sources */ = {isa = PBXBuildFile; fileRef = C45C0BDF244EB7A80029763F /* AppDelegate.swift */; };
		C45C0BE2244EB7A80029763F /* SceneDelegate.swift in Sources */ = {isa = PBXBuildFile; fileRef = C45C0BE1244EB7A80029763F /* SceneDelegate.swift */; };
		C45C0BE6244EB7AD0029763F /* Assets.xcassets in Resources */ = {isa = PBXBuildFile; fileRef = C45C0BE5244EB7AD0029763F /* Assets.xcassets */; };
		C45C0BE9244EB7AD0029763F /* Preview Assets.xcassets in Resources */ = {isa = PBXBuildFile; fileRef = C45C0BE8244EB7AD0029763F /* Preview Assets.xcassets */; };
		C45C0BEC244EB7AD0029763F /* LaunchScreen.storyboard in Resources */ = {isa = PBXBuildFile; fileRef = C45C0BEA244EB7AD0029763F /* LaunchScreen.storyboard */; };
		C45C0BF7244EB82C0029763F /* MainTab.swift in Sources */ = {isa = PBXBuildFile; fileRef = C45C0BF6244EB82C0029763F /* MainTab.swift */; };
		C45C0BFB244EB8540029763F /* SettingsView.swift in Sources */ = {isa = PBXBuildFile; fileRef = C45C0BFA244EB8540029763F /* SettingsView.swift */; };
		C45C0BFD244EB8680029763F /* CalculatorListView.swift in Sources */ = {isa = PBXBuildFile; fileRef = C45C0BFC244EB8680029763F /* CalculatorListView.swift */; };
		C45C0C00244EB89B0029763F /* Store.swift in Sources */ = {isa = PBXBuildFile; fileRef = C45C0BFF244EB89B0029763F /* Store.swift */; };
		C45C0C02244EB8A00029763F /* AppState.swift in Sources */ = {isa = PBXBuildFile; fileRef = C45C0C01244EB8A00029763F /* AppState.swift */; };
		C45C0C04244EB8A90029763F /* AppError.swift in Sources */ = {isa = PBXBuildFile; fileRef = C45C0C03244EB8A90029763F /* AppError.swift */; };
		C45C0C06244EB8B20029763F /* AppCommand.swift in Sources */ = {isa = PBXBuildFile; fileRef = C45C0C05244EB8B20029763F /* AppCommand.swift */; };
		C45C0C08244EB8BA0029763F /* AppAction.swift in Sources */ = {isa = PBXBuildFile; fileRef = C45C0C07244EB8BA0029763F /* AppAction.swift */; };
		C45C0C0A244EB9A50029763F /* CalculatorType.swift in Sources */ = {isa = PBXBuildFile; fileRef = C45C0C09244EB9A50029763F /* CalculatorType.swift */; };
		C45C0C0C244EBFE20029763F /* CalculatorRootView.swift in Sources */ = {isa = PBXBuildFile; fileRef = C45C0C0B244EBFE10029763F /* CalculatorRootView.swift */; };
		C45C0C0E244EC1850029763F /* CalculatorRow.swift in Sources */ = {isa = PBXBuildFile; fileRef = C45C0C0D244EC1850029763F /* CalculatorRow.swift */; };
/* End PBXBuildFile section */

/* Begin PBXFileReference section */
		C423AD12244EC3DE009B0CB7 /* Helpers.swift */ = {isa = PBXFileReference; lastKnownFileType = sourcecode.swift; path = Helpers.swift; sourceTree = "<group>"; };
		C423AD15244ECA04009B0CB7 /* SettingsRootView.swift */ = {isa = PBXFileReference; lastKnownFileType = sourcecode.swift; path = SettingsRootView.swift; sourceTree = "<group>"; };
		C423AD19244ECAFB009B0CB7 /* ResisterCalculatorView.swift */ = {isa = PBXFileReference; lastKnownFileType = sourcecode.swift; path = ResisterCalculatorView.swift; sourceTree = "<group>"; };
		C423AD1C244ECB6B009B0CB7 /* ResisterCalculatorRow.swift */ = {isa = PBXFileReference; lastKnownFileType = sourcecode.swift; path = ResisterCalculatorRow.swift; sourceTree = "<group>"; };
		C45C0BDC244EB7A80029763F /* CircuitCalculator.app */ = {isa = PBXFileReference; explicitFileType = wrapper.application; includeInIndex = 0; path = CircuitCalculator.app; sourceTree = BUILT_PRODUCTS_DIR; };
		C45C0BDF244EB7A80029763F /* AppDelegate.swift */ = {isa = PBXFileReference; lastKnownFileType = sourcecode.swift; path = AppDelegate.swift; sourceTree = "<group>"; };
		C45C0BE1244EB7A80029763F /* SceneDelegate.swift */ = {isa = PBXFileReference; lastKnownFileType = sourcecode.swift; path = SceneDelegate.swift; sourceTree = "<group>"; };
		C45C0BE5244EB7AD0029763F /* Assets.xcassets */ = {isa = PBXFileReference; lastKnownFileType = folder.assetcatalog; path = Assets.xcassets; sourceTree = "<group>"; };
		C45C0BE8244EB7AD0029763F /* Preview Assets.xcassets */ = {isa = PBXFileReference; lastKnownFileType = folder.assetcatalog; path = "Preview Assets.xcassets"; sourceTree = "<group>"; };
		C45C0BEB244EB7AD0029763F /* Base */ = {isa = PBXFileReference; lastKnownFileType = file.storyboard; name = Base; path = Base.lproj/LaunchScreen.storyboard; sourceTree = "<group>"; };
		C45C0BED244EB7AD0029763F /* Info.plist */ = {isa = PBXFileReference; lastKnownFileType = text.plist.xml; path = Info.plist; sourceTree = "<group>"; };
		C45C0BF6244EB82C0029763F /* MainTab.swift */ = {isa = PBXFileReference; lastKnownFileType = sourcecode.swift; path = MainTab.swift; sourceTree = "<group>"; };
		C45C0BFA244EB8540029763F /* SettingsView.swift */ = {isa = PBXFileReference; lastKnownFileType = sourcecode.swift; path = SettingsView.swift; sourceTree = "<group>"; };
		C45C0BFC244EB8680029763F /* CalculatorListView.swift */ = {isa = PBXFileReference; lastKnownFileType = sourcecode.swift; path = CalculatorListView.swift; sourceTree = "<group>"; };
		C45C0BFF244EB89B0029763F /* Store.swift */ = {isa = PBXFileReference; lastKnownFileType = sourcecode.swift; path = Store.swift; sourceTree = "<group>"; };
		C45C0C01244EB8A00029763F /* AppState.swift */ = {isa = PBXFileReference; lastKnownFileType = sourcecode.swift; path = AppState.swift; sourceTree = "<group>"; };
		C45C0C03244EB8A90029763F /* AppError.swift */ = {isa = PBXFileReference; lastKnownFileType = sourcecode.swift; path = AppError.swift; sourceTree = "<group>"; };
		C45C0C05244EB8B20029763F /* AppCommand.swift */ = {isa = PBXFileReference; lastKnownFileType = sourcecode.swift; path = AppCommand.swift; sourceTree = "<group>"; };
		C45C0C07244EB8BA0029763F /* AppAction.swift */ = {isa = PBXFileReference; lastKnownFileType = sourcecode.swift; path = AppAction.swift; sourceTree = "<group>"; };
		C45C0C09244EB9A50029763F /* CalculatorType.swift */ = {isa = PBXFileReference; lastKnownFileType = sourcecode.swift; path = CalculatorType.swift; sourceTree = "<group>"; };
		C45C0C0B244EBFE10029763F /* CalculatorRootView.swift */ = {isa = PBXFileReference; lastKnownFileType = sourcecode.swift; path = CalculatorRootView.swift; sourceTree = "<group>"; };
		C45C0C0D244EC1850029763F /* CalculatorRow.swift */ = {isa = PBXFileReference; lastKnownFileType = sourcecode.swift; path = CalculatorRow.swift; sourceTree = "<group>"; };
/* End PBXFileReference section */

/* Begin PBXFrameworksBuildPhase section */
		C45C0BD9244EB7A80029763F /* Frameworks */ = {
			isa = PBXFrameworksBuildPhase;
			buildActionMask = 2147483647;
			files = (
			);
			runOnlyForDeploymentPostprocessing = 0;
		};
/* End PBXFrameworksBuildPhase section */

/* Begin PBXGroup section */
		C423AD11244EC3D3009B0CB7 /* Utils */ = {
			isa = PBXGroup;
			children = (
				C423AD12244EC3DE009B0CB7 /* Helpers.swift */,
			);
			path = Utils;
			sourceTree = "<group>";
		};
		C423AD14244EC9F4009B0CB7 /* Settings */ = {
			isa = PBXGroup;
			children = (
				C45C0BFA244EB8540029763F /* SettingsView.swift */,
				C423AD15244ECA04009B0CB7 /* SettingsRootView.swift */,
			);
			path = Settings;
			sourceTree = "<group>";
		};
		C423AD1B244ECB0E009B0CB7 /* ResisterCalculator */ = {
			isa = PBXGroup;
			children = (
				C423AD19244ECAFB009B0CB7 /* ResisterCalculatorView.swift */,
				C423AD1C244ECB6B009B0CB7 /* ResisterCalculatorRow.swift */,
			);
			path = ResisterCalculator;
			sourceTree = "<group>";
		};
		C45C0BD3244EB7A80029763F = {
			isa = PBXGroup;
			children = (
				C45C0BDE244EB7A80029763F /* CircuitCalculator */,
				C45C0BDD244EB7A80029763F /* Products */,
			);
			sourceTree = "<group>";
		};
		C45C0BDD244EB7A80029763F /* Products */ = {
			isa = PBXGroup;
			children = (
				C45C0BDC244EB7A80029763F /* CircuitCalculator.app */,
			);
			name = Products;
			sourceTree = "<group>";
		};
		C45C0BDE244EB7A80029763F /* CircuitCalculator */ = {
			isa = PBXGroup;
			children = (
				C45C0BDF244EB7A80029763F /* AppDelegate.swift */,
				C45C0BE1244EB7A80029763F /* SceneDelegate.swift */,
				C423AD11244EC3D3009B0CB7 /* Utils */,
				C45C0BFE244EB8910029763F /* Data */,
				C45C0BF3244EB7D50029763F /* View */,
				C45C0BE5244EB7AD0029763F /* Assets.xcassets */,
				C45C0BEA244EB7AD0029763F /* LaunchScreen.storyboard */,
				C45C0BED244EB7AD0029763F /* Info.plist */,
				C45C0BE7244EB7AD0029763F /* Preview Content */,
			);
			path = CircuitCalculator;
			sourceTree = "<group>";
		};
		C45C0BE7244EB7AD0029763F /* Preview Content */ = {
			isa = PBXGroup;
			children = (
				C45C0BE8244EB7AD0029763F /* Preview Assets.xcassets */,
			);
			path = "Preview Content";
			sourceTree = "<group>";
		};
		C45C0BF3244EB7D50029763F /* View */ = {
			isa = PBXGroup;
			children = (
				C45C0BF6244EB82C0029763F /* MainTab.swift */,
				C423AD1B244ECB0E009B0CB7 /* ResisterCalculator */,
				C45C0C0F244EC21B0029763F /* CalculatorList */,
				C423AD14244EC9F4009B0CB7 /* Settings */,
			);
			path = View;
			sourceTree = "<group>";
		};
		C45C0BFE244EB8910029763F /* Data */ = {
			isa = PBXGroup;
			children = (
				C45C0BFF244EB89B0029763F /* Store.swift */,
				C45C0C07244EB8BA0029763F /* AppAction.swift */,
				C45C0C01244EB8A00029763F /* AppState.swift */,
				C45C0C03244EB8A90029763F /* AppError.swift */,
				C45C0C05244EB8B20029763F /* AppCommand.swift */,
				C45C0C09244EB9A50029763F /* CalculatorType.swift */,
			);
			path = Data;
			sourceTree = "<group>";
		};
		C45C0C0F244EC21B0029763F /* CalculatorList */ = {
			isa = PBXGroup;
			children = (
				C45C0C0B244EBFE10029763F /* CalculatorRootView.swift */,
				C45C0BFC244EB8680029763F /* CalculatorListView.swift */,
				C45C0C0D244EC1850029763F /* CalculatorRow.swift */,
			);
			path = CalculatorList;
			sourceTree = "<group>";
		};
/* End PBXGroup section */

/* Begin PBXNativeTarget section */
		C45C0BDB244EB7A80029763F /* CircuitCalculator */ = {
			isa = PBXNativeTarget;
			buildConfigurationList = C45C0BF0244EB7AD0029763F /* Build configuration list for PBXNativeTarget "CircuitCalculator" */;
			buildPhases = (
				C45C0BD8244EB7A80029763F /* Sources */,
				C45C0BD9244EB7A80029763F /* Frameworks */,
				C45C0BDA244EB7A80029763F /* Resources */,
			);
			buildRules = (
			);
			dependencies = (
			);
			name = CircuitCalculator;
			productName = CircuitCalculator;
			productReference = C45C0BDC244EB7A80029763F /* CircuitCalculator.app */;
			productType = "com.apple.product-type.application";
		};
/* End PBXNativeTarget section */

/* Begin PBXProject section */
		C45C0BD4244EB7A80029763F /* Project object */ = {
			isa = PBXProject;
			attributes = {
				LastSwiftUpdateCheck = 1140;
				LastUpgradeCheck = 1140;
				ORGANIZATIONNAME = caishilin;
				TargetAttributes = {
					C45C0BDB244EB7A80029763F = {
						CreatedOnToolsVersion = 11.4;
					};
				};
			};
			buildConfigurationList = C45C0BD7244EB7A80029763F /* Build configuration list for PBXProject "CircuitCalculator" */;
			compatibilityVersion = "Xcode 9.3";
			developmentRegion = en;
			hasScannedForEncodings = 0;
			knownRegions = (
				en,
				Base,
			);
			mainGroup = C45C0BD3244EB7A80029763F;
			productRefGroup = C45C0BDD244EB7A80029763F /* Products */;
			projectDirPath = "";
			projectRoot = "";
			targets = (
				C45C0BDB244EB7A80029763F /* CircuitCalculator */,
			);
		};
/* End PBXProject section */

/* Begin PBXResourcesBuildPhase section */
		C45C0BDA244EB7A80029763F /* Resources */ = {
			isa = PBXResourcesBuildPhase;
			buildActionMask = 2147483647;
			files = (
				C45C0BEC244EB7AD0029763F /* LaunchScreen.storyboard in Resources */,
				C45C0BE9244EB7AD0029763F /* Preview Assets.xcassets in Resources */,
				C45C0BE6244EB7AD0029763F /* Assets.xcassets in Resources */,
			);
			runOnlyForDeploymentPostprocessing = 0;
		};
/* End PBXResourcesBuildPhase section */

/* Begin PBXSourcesBuildPhase section */
		C45C0BD8244EB7A80029763F /* Sources */ = {
			isa = PBXSourcesBuildPhase;
			buildActionMask = 2147483647;
			files = (
				C45C0C0C244EBFE20029763F /* CalculatorRootView.swift in Sources */,
				C423AD13244EC3DE009B0CB7 /* Helpers.swift in Sources */,
				C423AD1D244ECB6B009B0CB7 /* ResisterCalculatorRow.swift in Sources */,
				C45C0C00244EB89B0029763F /* Store.swift in Sources */,
				C45C0BF7244EB82C0029763F /* MainTab.swift in Sources */,
				C45C0C04244EB8A90029763F /* AppError.swift in Sources */,
				C45C0C0A244EB9A50029763F /* CalculatorType.swift in Sources */,
				C45C0BE0244EB7A80029763F /* AppDelegate.swift in Sources */,
				C423AD16244ECA04009B0CB7 /* SettingsRootView.swift in Sources */,
				C45C0C08244EB8BA0029763F /* AppAction.swift in Sources */,
				C45C0C0E244EC1850029763F /* CalculatorRow.swift in Sources */,
				C45C0C02244EB8A00029763F /* AppState.swift in Sources */,
				C45C0BE2244EB7A80029763F /* SceneDelegate.swift in Sources */,
				C45C0BFB244EB8540029763F /* SettingsView.swift in Sources */,
				C423AD1A244ECAFB009B0CB7 /* ResisterCalculatorView.swift in Sources */,
				C45C0BFD244EB8680029763F /* CalculatorListView.swift in Sources */,
				C45C0C06244EB8B20029763F /* AppCommand.swift in Sources */,
			);
			runOnlyForDeploymentPostprocessing = 0;
		};
/* End PBXSourcesBuildPhase section */

/* Begin PBXVariantGroup section */
		C45C0BEA244EB7AD0029763F /* LaunchScreen.storyboard */ = {
			isa = PBXVariantGroup;
			children = (
				C45C0BEB244EB7AD0029763F /* Base */,
			);
			name = LaunchScreen.storyboard;
			sourceTree = "<group>";
		};
/* End PBXVariantGroup section */

/* Begin XCBuildConfiguration section */
		C45C0BEE244EB7AD0029763F /* Debug */ = {
			isa = XCBuildConfiguration;
			buildSettings = {
				ALWAYS_SEARCH_USER_PATHS = NO;
				CLANG_ANALYZER_NONNULL = YES;
				CLANG_ANALYZER_NUMBER_OBJECT_CONVERSION = YES_AGGRESSIVE;
				CLANG_CXX_LANGUAGE_STANDARD = "gnu++14";
				CLANG_CXX_LIBRARY = "libc++";
				CLANG_ENABLE_MODULES = YES;
				CLANG_ENABLE_OBJC_ARC = YES;
				CLANG_ENABLE_OBJC_WEAK = YES;
				CLANG_WARN_BLOCK_CAPTURE_AUTORELEASING = YES;
				CLANG_WARN_BOOL_CONVERSION = YES;
				CLANG_WARN_COMMA = YES;
				CLANG_WARN_CONSTANT_CONVERSION = YES;
				CLANG_WARN_DEPRECATED_OBJC_IMPLEMENTATIONS = YES;
				CLANG_WARN_DIRECT_OBJC_ISA_USAGE = YES_ERROR;
				CLANG_WARN_DOCUMENTATION_COMMENTS = YES;
				CLANG_WARN_EMPTY_BODY = YES;
				CLANG_WARN_ENUM_CONVERSION = YES;
				CLANG_WARN_INFINITE_RECURSION = YES;
				CLANG_WARN_INT_CONVERSION = YES;
				CLANG_WARN_NON_LITERAL_NULL_CONVERSION = YES;
				CLANG_WARN_OBJC_IMPLICIT_RETAIN_SELF = YES;
				CLANG_WARN_OBJC_LITERAL_CONVERSION = YES;
				CLANG_WARN_OBJC_ROOT_CLASS = YES_ERROR;
				CLANG_WARN_RANGE_LOOP_ANALYSIS = YES;
				CLANG_WARN_STRICT_PROTOTYPES = YES;
				CLANG_WARN_SUSPICIOUS_MOVE = YES;
				CLANG_WARN_UNGUARDED_AVAILABILITY = YES_AGGRESSIVE;
				CLANG_WARN_UNREACHABLE_CODE = YES;
				CLANG_WARN__DUPLICATE_METHOD_MATCH = YES;
				COPY_PHASE_STRIP = NO;
				DEBUG_INFORMATION_FORMAT = dwarf;
				ENABLE_STRICT_OBJC_MSGSEND = YES;
				ENABLE_TESTABILITY = YES;
				GCC_C_LANGUAGE_STANDARD = gnu11;
				GCC_DYNAMIC_NO_PIC = NO;
				GCC_NO_COMMON_BLOCKS = YES;
				GCC_OPTIMIZATION_LEVEL = 0;
				GCC_PREPROCESSOR_DEFINITIONS = (
					"DEBUG=1",
					"$(inherited)",
				);
				GCC_WARN_64_TO_32_BIT_CONVERSION = YES;
				GCC_WARN_ABOUT_RETURN_TYPE = YES_ERROR;
				GCC_WARN_UNDECLARED_SELECTOR = YES;
				GCC_WARN_UNINITIALIZED_AUTOS = YES_AGGRESSIVE;
				GCC_WARN_UNUSED_FUNCTION = YES;
				GCC_WARN_UNUSED_VARIABLE = YES;
				IPHONEOS_DEPLOYMENT_TARGET = 13.0;
				MTL_ENABLE_DEBUG_INFO = INCLUDE_SOURCE;
				MTL_FAST_MATH = YES;
				ONLY_ACTIVE_ARCH = YES;
				SDKROOT = iphoneos;
				SWIFT_ACTIVE_COMPILATION_CONDITIONS = DEBUG;
				SWIFT_OPTIMIZATION_LEVEL = "-Onone";
			};
			name = Debug;
		};
		C45C0BEF244EB7AD0029763F /* Release */ = {
			isa = XCBuildConfiguration;
			buildSettings = {
				ALWAYS_SEARCH_USER_PATHS = NO;
				CLANG_ANALYZER_NONNULL = YES;
				CLANG_ANALYZER_NUMBER_OBJECT_CONVERSION = YES_AGGRESSIVE;
				CLANG_CXX_LANGUAGE_STANDARD = "gnu++14";
				CLANG_CXX_LIBRARY = "libc++";
				CLANG_ENABLE_MODULES = YES;
				CLANG_ENABLE_OBJC_ARC = YES;
				CLANG_ENABLE_OBJC_WEAK = YES;
				CLANG_WARN_BLOCK_CAPTURE_AUTORELEASING = YES;
				CLANG_WARN_BOOL_CONVERSION = YES;
				CLANG_WARN_COMMA = YES;
				CLANG_WARN_CONSTANT_CONVERSION = YES;
				CLANG_WARN_DEPRECATED_OBJC_IMPLEMENTATIONS = YES;
				CLANG_WARN_DIRECT_OBJC_ISA_USAGE = YES_ERROR;
				CLANG_WARN_DOCUMENTATION_COMMENTS = YES;
				CLANG_WARN_EMPTY_BODY = YES;
				CLANG_WARN_ENUM_CONVERSION = YES;
				CLANG_WARN_INFINITE_RECURSION = YES;
				CLANG_WARN_INT_CONVERSION = YES;
				CLANG_WARN_NON_LITERAL_NULL_CONVERSION = YES;
				CLANG_WARN_OBJC_IMPLICIT_RETAIN_SELF = YES;
				CLANG_WARN_OBJC_LITERAL_CONVERSION = YES;
				CLANG_WARN_OBJC_ROOT_CLASS = YES_ERROR;
				CLANG_WARN_RANGE_LOOP_ANALYSIS = YES;
				CLANG_WARN_STRICT_PROTOTYPES = YES;
				CLANG_WARN_SUSPICIOUS_MOVE = YES;
				CLANG_WARN_UNGUARDED_AVAILABILITY = YES_AGGRESSIVE;
				CLANG_WARN_UNREACHABLE_CODE = YES;
				CLANG_WARN__DUPLICATE_METHOD_MATCH = YES;
				COPY_PHASE_STRIP = NO;
				DEBUG_INFORMATION_FORMAT = "dwarf-with-dsym";
				ENABLE_NS_ASSERTIONS = NO;
				ENABLE_STRICT_OBJC_MSGSEND = YES;
				GCC_C_LANGUAGE_STANDARD = gnu11;
				GCC_NO_COMMON_BLOCKS = YES;
				GCC_WARN_64_TO_32_BIT_CONVERSION = YES;
				GCC_WARN_ABOUT_RETURN_TYPE = YES_ERROR;
				GCC_WARN_UNDECLARED_SELECTOR = YES;
				GCC_WARN_UNINITIALIZED_AUTOS = YES_AGGRESSIVE;
				GCC_WARN_UNUSED_FUNCTION = YES;
				GCC_WARN_UNUSED_VARIABLE = YES;
				IPHONEOS_DEPLOYMENT_TARGET = 13.0;
				MTL_ENABLE_DEBUG_INFO = NO;
				MTL_FAST_MATH = YES;
				SDKROOT = iphoneos;
				SWIFT_COMPILATION_MODE = wholemodule;
				SWIFT_OPTIMIZATION_LEVEL = "-O";
				VALIDATE_PRODUCT = YES;
			};
			name = Release;
		};
		C45C0BF1244EB7AD0029763F /* Debug */ = {
			isa = XCBuildConfiguration;
			buildSettings = {
				ASSETCATALOG_COMPILER_APPICON_NAME = AppIcon;
				CODE_SIGN_STYLE = Automatic;
				DEVELOPMENT_ASSET_PATHS = "\"CircuitCalculator/Preview Content\"";
				DEVELOPMENT_TEAM = 7467638S34;
				ENABLE_PREVIEWS = YES;
				INFOPLIST_FILE = CircuitCalculator/Info.plist;
				LD_RUNPATH_SEARCH_PATHS = (
					"$(inherited)",
					"@executable_path/Frameworks",
				);
				PRODUCT_BUNDLE_IDENTIFIER = com.ssbun.www.CircuitCalculator;
				PRODUCT_NAME = "$(TARGET_NAME)";
				SWIFT_VERSION = 5.0;
				TARGETED_DEVICE_FAMILY = "1,2";
			};
			name = Debug;
		};
		C45C0BF2244EB7AD0029763F /* Release */ = {
			isa = XCBuildConfiguration;
			buildSettings = {
				ASSETCATALOG_COMPILER_APPICON_NAME = AppIcon;
				CODE_SIGN_STYLE = Automatic;
				DEVELOPMENT_ASSET_PATHS = "\"CircuitCalculator/Preview Content\"";
				DEVELOPMENT_TEAM = 7467638S34;
				ENABLE_PREVIEWS = YES;
				INFOPLIST_FILE = CircuitCalculator/Info.plist;
				LD_RUNPATH_SEARCH_PATHS = (
					"$(inherited)",
					"@executable_path/Frameworks",
				);
				PRODUCT_BUNDLE_IDENTIFIER = com.ssbun.www.CircuitCalculator;
				PRODUCT_NAME = "$(TARGET_NAME)";
				SWIFT_VERSION = 5.0;
				TARGETED_DEVICE_FAMILY = "1,2";
			};
			name = Release;
		};
/* End XCBuildConfiguration section */

/* Begin XCConfigurationList section */
		C45C0BD7244EB7A80029763F /* Build configuration list for PBXProject "CircuitCalculator" */ = {
			isa = XCConfigurationList;
			buildConfigurations = (
				C45C0BEE244EB7AD0029763F /* Debug */,
				C45C0BEF244EB7AD0029763F /* Release */,
			);
			defaultConfigurationIsVisible = 0;
			defaultConfigurationName = Release;
		};
		C45C0BF0244EB7AD0029763F /* Build configuration list for PBXNativeTarget "CircuitCalculator" */ = {
			isa = XCConfigurationList;
			buildConfigurations = (
				C45C0BF1244EB7AD0029763F /* Debug */,
				C45C0BF2244EB7AD0029763F /* Release */,
			);
			defaultConfigurationIsVisible = 0;
			defaultConfigurationName = Release;
		};
/* End XCConfigurationList section */
	};
	rootObject = C45C0BD4244EB7A80029763F /* Project object */;
}
